
Microsoft Visual Studio Solution File, Format Version 12.00
# Visual Studio Version 17
VisualStudioVersion = 17.13.35931.197 d17.13
MinimumVisualStudioVersion = 10.0.40219.1
Project("{FAE04EC0-301F-11D3-BF4B-00C04F79EFBC}") = "Our_Exam_2425", "Our_Exam_2425\Our_Exam_2425.csproj", "{B3C25D7D-E8E2-4802-9EA9-0C95B4B65160}"
EndProject
Global
	GlobalSection(SolutionConfigurationPlatforms) = preSolution
		Debug|Any CPU = Debug|Any CPU
		Release|Any CPU = Release|Any CPU
	EndGlobalSection
	GlobalSection(ProjectConfigurationPlatforms) = postSolution
		{B3C25D7D-E8E2-4802-9EA9-0C95B4B65160}.Debug|Any CPU.ActiveCfg = Debug|Any CPU
		{B3C25D7D-E8E2-4802-9EA9-0C95B4B65160}.Debug|Any CPU.Build.0 = Debug|Any CPU
		{B3C25D7D-E8E2-4802-9EA9-0C95B4B65160}.Release|Any CPU.ActiveCfg = Release|Any CPU
		{B3C25D7D-E8E2-4802-9EA9-0C95B4B65160}.Release|Any CPU.Build.0 = Release|Any CPU
	EndGlobalSection
	GlobalSection(SolutionProperties) = preSolution
		HideSolutionNode = FALSE
	EndGlobalSection
	GlobalSection(ExtensibilityGlobals) = postSolution
		SolutionGuid = {46366655-6D34-4B8F-9CDA-995F31CB9540}
	EndGlobalSection
EndGlobal
